Microsoft Visual Studio Solution File, Format Version 12.00
# Visual Studio Version 17
VisualStudioVersion = 17.5.2.0
MinimumVisualStudioVersion = 10.0.40219.1
Project("{2150E333-8FDC-42A3-9474-1A3956D46DE8}") = "src", "src", "{827E0CD3-B72D-47B6-A68D-7590B98EB39B}"
EndProject
Project("{FAE04EC0-301F-11D3-BF4B-00C04F79EFBC}") = "TaskManagementApi", "src\TaskManagementApi\TaskManagementApi.csproj", "{04DD5F5B-ADE0-E7B7-7DA6-BF5A1F0581AB}"
EndProject
Global
	GlobalSection(SolutionConfigurationPlatforms) = preSolution
		Debug|Any CPU = Debug|Any CPU
		Release|Any CPU = Release|Any CPU
	EndGlobalSection
	GlobalSection(ProjectConfigurationPlatforms) = postSolution
		{04DD5F5B-ADE0-E7B7-7DA6-BF5A1F0581AB}.Debug|Any CPU.ActiveCfg = Debug|Any CPU
		{04DD5F5B-ADE0-E7B7-7DA6-BF5A1F0581AB}.Debug|Any CPU.Build.0 = Debug|Any CPU
		{04DD5F5B-ADE0-E7B7-7DA6-BF5A1F0581AB}.Release|Any CPU.ActiveCfg = Release|Any CPU
		{04DD5F5B-ADE0-E7B7-7DA6-BF5A1F0581AB}.Release|Any CPU.Build.0 = Release|Any CPU
	EndGlobalSection
	GlobalSection(SolutionProperties) = preSolution
		HideSolutionNode = FALSE
	EndGlobalSection
	GlobalSection(NestedProjects) = preSolution
		{04DD5F5B-ADE0-E7B7-7DA6-BF5A1F0581AB} = {827E0CD3-B72D-47B6-A68D-7590B98EB39B}
	EndGlobalSection
	GlobalSection(ExtensibilityGlobals) = postSolution
		SolutionGuid = {2BA30455-BA8D-4FC0-823D-54DF9639500B}
	EndGlobalSection
EndGlobal
